
Microsoft Visual Studio Solution File, Format Version 12.00
# Visual Studio Version 17
VisualStudioVersion = 17.0.31808.319
MinimumVisualStudioVersion = 10.0.40219.1
Project("{FAE04EC0-301F-11D3-BF4B-00C04F79EFBC}") = "LongRunningLegacy", "LongRunningLegacy\LongRunningLegacy.csproj", "{AB1E3AAE-8DAC-43D6-B325-168DDC07010C}"
EndProject
Global
	GlobalSection(SolutionConfigurationPlatforms) = preSolution
		Debug|Any CPU = Debug|Any CPU
		Release|Any CPU = Release|Any CPU
	EndGlobalSection
	GlobalSection(ProjectConfigurationPlatforms) = postSolution
		{AB1E3AAE-8DAC-43D6-B325-168DDC07010C}.Debug|Any CPU.ActiveCfg = Debug|Any CPU
		{AB1E3AAE-8DAC-43D6-B325-168DDC07010C}.Debug|Any CPU.Build.0 = Debug|Any CPU
		{AB1E3AAE-8DAC-43D6-B325-168DDC07010C}.Release|Any CPU.ActiveCfg = Release|Any CPU
		{AB1E3AAE-8DAC-43D6-B325-168DDC07010C}.Release|Any CPU.Build.0 = Release|Any CPU
	EndGlobalSection
	GlobalSection(SolutionProperties) = preSolution
		HideSolutionNode = FALSE
	EndGlobalSection
	GlobalSection(ExtensibilityGlobals) = postSolution
		SolutionGuid = {2AD67F59-9852-45FC-B34D-C2E4115DC22D}
	EndGlobalSection
EndGlobal
